PODS:
  - AFNetworking (3.1.0):
    - AFNetworking/NSURLSession (= 3.1.0)
    - AFNetworking/Reachability (= 3.1.0)
    - AFNetworking/Security (= 3.1.0)
    - AFNetworking/Serialization (= 3.1.0)
    - AFNetworking/UIKit (= 3.1.0)
  - AFNetworking/NSURLSession (3.1.0):
    - AFNetworking/Reachability
    - AFNetworking/Security
    - AFNetworking/Serialization
  - AFNetworking/Reachability (3.1.0)
  - AFNetworking/Security (3.1.0)
  - AFNetworking/Serialization (3.1.0)
  - AFNetworking/UIKit (3.1.0):
    - AFNetworking/NSURLSession
  - Bugly (2.4.8)
  - CocoaLumberjack (3.2.0):
    - CocoaLumberjack/Default (= 3.2.0)
    - CocoaLumberjack/Extensions (= 3.2.0)
  - CocoaLumberjack/Default (3.2.0)
  - CocoaLumberjack/Extensions (3.2.0):
    - CocoaLumberjack/Default
  - DateTools (2.0.0)
  - EAIntroView (2.10.0):
    - EARestrictedScrollView (~> 1.1.0)
  - EARestrictedScrollView (1.1.0)
  - FLAnimatedImage (1.0.12)
  - FMDB (2.6.2):
    - FMDB/standard (= 2.6.2)
  - FMDB/standard (2.6.2)
  - FSCalendar (2.7.7)
  - IQKeyboardManager (4.0.8)
  - iVersion (1.11.5)
  - JDStatusBarNotification (1.5.5)
  - JSONModel (1.7.0)
  - M13OrderedDictionary (1.1.0)
  - Mantle (2.1.0):
    - Mantle/extobjc (= 2.1.0)
  - Mantle/extobjc (2.1.0)
  - Masonry (1.0.2)
  - MBProgressHUD (1.0.0)
  - MJExtension (3.0.13)
  - MJRefresh (3.1.12)
  - MSAlertController (1.0.2)
  - NJKWebViewProgress (0.2.3):
    - NJKWebViewProgress/Core (= 0.2.3)
    - NJKWebViewProgress/ProgressView (= 0.2.3)
  - NJKWebViewProgress/Core (0.2.3)
  - NJKWebViewProgress/ProgressView (0.2.3)
  - NYTPhotoViewer (1.2.0):
    - NYTPhotoViewer/AnimatedGifSupport (= 1.2.0)
    - NYTPhotoViewer/Core (= 1.2.0)
  - NYTPhotoViewer/AnimatedGifSupport (1.2.0):
    - FLAnimatedImage (~> 1.0.12)
    - NYTPhotoViewer/Core
  - NYTPhotoViewer/Core (1.2.0)
  - NYXImagesKit (2.3)
  - SDAutoLayout (2.1.7)
  - SDWebImage (4.0.0):
    - SDWebImage/Core (= 4.0.0)
  - SDWebImage/Core (4.0.0)
  - SVProgressHUD (2.1.2)
  - TOCropViewController (2.0.12)

DEPENDENCIES:
  - AFNetworking
  - Bugly
  - CocoaLumberjack
  - DateTools
  - EAIntroView
  - FLAnimatedImage
  - FMDB
  - FSCalendar
  - IQKeyboardManager
  - iVersion
  - JDStatusBarNotification
  - JSONModel
  - M13OrderedDictionary
  - Mantle
  - Masonry
  - MBProgressHUD
  - MJExtension
  - MJRefresh
  - MSAlertController
  - NJKWebViewProgress
  - NYTPhotoViewer
  - NYXImagesKit
  - SDAutoLayout
  - SDWebImage
  - SVProgressHUD
  - TOCropViewController

SPEC REPOS:
  https://github.com/CocoaPods/Specs.git:
    - AFNetworking
    - Bugly
    - CocoaLumberjack
    - DateTools
    - EAIntroView
    - EARestrictedScrollView
    - FLAnimatedImage
    - FMDB
    - FSCalendar
    - IQKeyboardManager
    - iVersion
    - JDStatusBarNotification
    - JSONModel
    - M13OrderedDictionary
    - Mantle
    - Masonry
    - MBProgressHUD
    - MJExtension
    - MJRefresh
    - MSAlertController
    - NJKWebViewProgress
    - NYTPhotoViewer
    - NYXImagesKit
    - SDAutoLayout
    - SDWebImage
    - SVProgressHUD
    - TOCropViewController

SPEC CHECKSUMS:
  AFNetworking: 5e0e199f73d8626b11e79750991f5d173d1f8b67
  Bugly: da3c02408c14838d498429320545a8e439392978
  CocoaLumberjack: 9b4aed7073d242f29cc2f62068d995faf67f703a
  DateTools: 933ac9c490f21f92127cf690ccd8c397e0126caf
  EAIntroView: 3494b7bbd1212e3a4f7e8d16194a1b00e7b9abb2
  EARestrictedScrollView: b0c2a3f92fb2610bb44d71c5e4893777c89e45ef
  FLAnimatedImage: 4a0b56255d9b05f18b6dd7ee06871be5d3b89e31
  FMDB: 854a0341b4726e53276f2a8996f06f1b80f9259a
  FSCalendar: 8bda3534e8590b87124af9a236887314e0359a27
  IQKeyboardManager: 1a8189fa153bf09044355ee0ad36826f6767e7f7
  iVersion: 3a93a89259eb3b52b0a8ba52c46a0027fa6b4d30
  JDStatusBarNotification: 2b4f29bd68a60d7aa2f190b5265f1ce59c18aaf8
  JSONModel: 840bc0fcffb24b8454d2c026bf26fea454b8e98d
  M13OrderedDictionary: 6e157fe9c82aa6b3cd7198f5c5c30c7a6834c4a6
  Mantle: 2fa750afa478cd625a94230fbf1c13462f29395b
  Masonry: 7c429b56da9d4ee0bbb3ed77a5ea710d6a5df39e
  MBProgressHUD: 4890f671c94e8a0f3cf959aa731e9de2f036d71a
  MJExtension: 5932755f451458eefa24239358817f8d291240c7
  MJRefresh: b96cdb21c4aa75a7b07654311ab2f315c497e806
  MSAlertController: 502577669b8fef56c492c943cb0d5ae94392369d
  NJKWebViewProgress: f481fd424cb5ecc27eacae11b5397db92fba9a4d
  NYTPhotoViewer: 323217e4590a1586eb3c9674b3fefb0fb8b57896
  NYXImagesKit: 8163e3335a40eaa173ca5bbbf81fafb57d3947eb
  SDAutoLayout: e9b36d04b8c0b504762a04d76fbbe5108944297a
  SDWebImage: 76a6348bdc74eb5a55dd08a091ef298e56b55e41
  SVProgressHUD: c404a55d78acbeb7ebb78b76d3faf986475a6994
  TOCropViewController: e6e31b38d785a901e5651a1e7fff71bcda6c5214

PODFILE CHECKSUM: ada5d4fe33f4dad6bb8d926b8505f3b16a2c99cb

COCOAPODS: 1.9.3
